<?xml version="1.0" encoding="utf-8"?>
<Project ToolsVersion="4.0" xmlns="http://schemas.microsoft.com/developer/msbuild/2003">
  <ItemGroup>
    <Filter Include="Source">
      <UniqueIdentifier>{9806c5ee-511e-40c4-a705-61c890451c1b}</UniqueIdentifier>
    </Filter>
    <Filter Include="Header">
      <UniqueIdentifier>{042462fd-1f90-45da-80c2-327af498adf4}</UniqueIdentifier>
    </Filter>
  </ItemGroup>
  <ItemGroup>
    <ClInclude Include="Source\Color.h">
      <Filter>Source</Filter>
    </ClInclude>
    <ClInclude Include="Source\MathHelper.h">
      <Filter>Source</Filter>
    </ClInclude>
    <ClInclude Include="Source\Matrix.h">
      <Filter>Source</Filter>
    </ClInclude>
    <ClInclude Include="Source\Plane.h">
      <Filter>Source</Filter>
    </ClInclude>
    <ClInclude Include="Source\Quaternion.h">
      <Filter>Source</Filter>
    </ClInclude>
    <ClInclude Include="Source\Random.h">
      <Filter>Source</Filter>
    </ClInclude>
    <ClInclude Include="Source\RandomHelper.h">
      <Filter>Source</Filter>
    </ClInclude>
    <ClInclude Include="Source\Vector2.h">
      <Filter>Source</Filter>
    </ClInclude>
    <ClInclude Include="Source\Vector3.h">
      <Filter>Source</Filter>
    </ClInclude>
    <ClInclude Include="Source\Vector4.h">
      <Filter>Source</Filter>
    </ClInclude>
    <ClInclude Include="MyMath.h">
      <Filter>Header</Filter>
    </ClInclude>
    <ClInclude Include="Source\TemplateTypes.h">
      <Filter>Source</Filter>
    </ClInclude>
  </ItemGroup>
  <ItemGroup>
    <ClCompile Include="Source\MathHelper.cpp">
      <Filter>Source</Filter>
    </ClCompile>
    <ClCompile Include="Source\Matrix.cpp">
      <Filter>Source</Filter>
    </ClCompile>
    <ClCompile Include="Source\Plane.cpp">
      <Filter>Source</Filter>
    </ClCompile>
    <ClCompile Include="Source\Quaternion.cpp">
      <Filter>Source</Filter>
    </ClCompile>
    <ClCompile Include="Source\Random.cpp">
      <Filter>Source</Filter>
    </ClCompile>
    <ClCompile Include="Source\RandomHelper.cpp">
      <Filter>Source</Filter>
    </ClCompile>
    <ClCompile Include="Source\Vector2.cpp">
      <Filter>Source</Filter>
    </ClCompile>
    <ClCompile Include="Source\Vector3.cpp">
      <Filter>Source</Filter>
    </ClCompile>
    <ClCompile Include="Source\Vector4.cpp">
      <Filter>Source</Filter>
    </ClCompile>
    <ClCompile Include="Source\Color.cpp">
      <Filter>Source</Filter>
    </ClCompile>
  </ItemGroup>
</Project>