
Microsoft Visual Studio Solution File, Format Version 12.00
# Visual Studio 14
VisualStudioVersion = 14.0.25420.1
MinimumVisualStudioVersion = 10.0.40219.1
Project("{2150E333-8FDC-42A3-9474-1A3956D46DE8}") = "0_Core", "0_Core", "{8E44B5C3-9FDD-4850-8214-06B04869F99D}"
EndProject
Project("{2150E333-8FDC-42A3-9474-1A3956D46DE8}") = "1_Engine", "1_Engine", "{4B857465-ED68-401C-8CFE-DFB5E27E4718}"
EndProject
Project("{2150E333-8FDC-42A3-9474-1A3956D46DE8}") = "2_File", "2_File", "{50A87575-8033-4A84-958C-8037E23280EA}"
EndProject
Project("{2150E333-8FDC-42A3-9474-1A3956D46DE8}") = "3_Editor", "3_Editor", "{53605B53-154F-4389-9BBD-791AE2D44250}"
EndProject
Project("{2150E333-8FDC-42A3-9474-1A3956D46DE8}") = "4_Game", "4_Game", "{D97460A0-E93C-4919-9BA0-AC2E84AACA1B}"
EndProject
Project("{8BC9CEB8-8B4A-11D0-8D11-00A0C91BC942}") = "Math", "Math\Math.vcxproj", "{064FD43A-BB5F-401C-BBBA-40272E367571}"
EndProject
Project("{8BC9CEB8-8B4A-11D0-8D11-00A0C91BC942}") = "ImGui", "ImGui\ImGui.vcxproj", "{A27B56DD-A5E3-4757-B055-5EA21D3BD3AF}"
EndProject
Project("{8BC9CEB8-8B4A-11D0-8D11-00A0C91BC942}") = "Utility", "Utility\Utility.vcxproj", "{8BA2BE7F-16F9-46E4-9911-D2C775C65182}"
EndProject
Project("{8BC9CEB8-8B4A-11D0-8D11-00A0C91BC942}") = "System", "System\System.vcxproj", "{EF5B0025-08A9-49BF-B024-FA8C53BB32F6}"
EndProject
Project("{8BC9CEB8-8B4A-11D0-8D11-00A0C91BC942}") = "TestGame", "Test\TestGame\TestGame.vcxproj", "{3A7B0DA8-FF22-49A0-B3B9-87A39E2ED9B2}"
EndProject
Project("{8BC9CEB8-8B4A-11D0-8D11-00A0C91BC942}") = "Memory", "Memory\Memory.vcxproj", "{255A3C07-9C29-41B0-9B49-6DF13B22403F}"
EndProject
Global
	GlobalSection(SolutionConfigurationPlatforms) = preSolution
		Debug|x64 = Debug|x64
		Debug|x86 = Debug|x86
		Release|x64 = Release|x64
		Release|x86 = Release|x86
	EndGlobalSection
	GlobalSection(ProjectConfigurationPlatforms) = postSolution
		{064FD43A-BB5F-401C-BBBA-40272E367571}.Debug|x64.ActiveCfg = Debug|x64
		{064FD43A-BB5F-401C-BBBA-40272E367571}.Debug|x64.Build.0 = Debug|x64
		{064FD43A-BB5F-401C-BBBA-40272E367571}.Debug|x86.ActiveCfg = Debug|Win32
		{064FD43A-BB5F-401C-BBBA-40272E367571}.Debug|x86.Build.0 = Debug|Win32
		{064FD43A-BB5F-401C-BBBA-40272E367571}.Release|x64.ActiveCfg = Release|x64
		{064FD43A-BB5F-401C-BBBA-40272E367571}.Release|x64.Build.0 = Release|x64
		{064FD43A-BB5F-401C-BBBA-40272E367571}.Release|x86.ActiveCfg = Release|Win32
		{064FD43A-BB5F-401C-BBBA-40272E367571}.Release|x86.Build.0 = Release|Win32
		{A27B56DD-A5E3-4757-B055-5EA21D3BD3AF}.Debug|x64.ActiveCfg = Debug|x64
		{A27B56DD-A5E3-4757-B055-5EA21D3BD3AF}.Debug|x64.Build.0 = Debug|x64
		{A27B56DD-A5E3-4757-B055-5EA21D3BD3AF}.Debug|x86.ActiveCfg = Debug|Win32
		{A27B56DD-A5E3-4757-B055-5EA21D3BD3AF}.Debug|x86.Build.0 = Debug|Win32
		{A27B56DD-A5E3-4757-B055-5EA21D3BD3AF}.Release|x64.ActiveCfg = Release|x64
		{A27B56DD-A5E3-4757-B055-5EA21D3BD3AF}.Release|x64.Build.0 = Release|x64
		{A27B56DD-A5E3-4757-B055-5EA21D3BD3AF}.Release|x86.ActiveCfg = Release|Win32
		{A27B56DD-A5E3-4757-B055-5EA21D3BD3AF}.Release|x86.Build.0 = Release|Win32
		{8BA2BE7F-16F9-46E4-9911-D2C775C65182}.Debug|x64.ActiveCfg = Debug|x64
		{8BA2BE7F-16F9-46E4-9911-D2C775C65182}.Debug|x64.Build.0 = Debug|x64
		{8BA2BE7F-16F9-46E4-9911-D2C775C65182}.Debug|x86.ActiveCfg = Debug|Win32
		{8BA2BE7F-16F9-46E4-9911-D2C775C65182}.Debug|x86.Build.0 = Debug|Win32
		{8BA2BE7F-16F9-46E4-9911-D2C775C65182}.Release|x64.ActiveCfg = Release|x64
		{8BA2BE7F-16F9-46E4-9911-D2C775C65182}.Release|x64.Build.0 = Release|x64
		{8BA2BE7F-16F9-46E4-9911-D2C775C65182}.Release|x86.ActiveCfg = Release|Win32
		{8BA2BE7F-16F9-46E4-9911-D2C775C65182}.Release|x86.Build.0 = Release|Win32
		{EF5B0025-08A9-49BF-B024-FA8C53BB32F6}.Debug|x64.ActiveCfg = Debug|x64
		{EF5B0025-08A9-49BF-B024-FA8C53BB32F6}.Debug|x64.Build.0 = Debug|x64
		{EF5B0025-08A9-49BF-B024-FA8C53BB32F6}.Debug|x86.ActiveCfg = Debug|Win32
		{EF5B0025-08A9-49BF-B024-FA8C53BB32F6}.Debug|x86.Build.0 = Debug|Win32
		{EF5B0025-08A9-49BF-B024-FA8C53BB32F6}.Release|x64.ActiveCfg = Release|x64
		{EF5B0025-08A9-49BF-B024-FA8C53BB32F6}.Release|x64.Build.0 = Release|x64
		{EF5B0025-08A9-49BF-B024-FA8C53BB32F6}.Release|x86.ActiveCfg = Release|Win32
		{EF5B0025-08A9-49BF-B024-FA8C53BB32F6}.Release|x86.Build.0 = Release|Win32
		{3A7B0DA8-FF22-49A0-B3B9-87A39E2ED9B2}.Debug|x64.ActiveCfg = Debug|x64
		{3A7B0DA8-FF22-49A0-B3B9-87A39E2ED9B2}.Debug|x64.Build.0 = Debug|x64
		{3A7B0DA8-FF22-49A0-B3B9-87A39E2ED9B2}.Debug|x86.ActiveCfg = Debug|Win32
		{3A7B0DA8-FF22-49A0-B3B9-87A39E2ED9B2}.Debug|x86.Build.0 = Debug|Win32
		{3A7B0DA8-FF22-49A0-B3B9-87A39E2ED9B2}.Release|x64.ActiveCfg = Release|x64
		{3A7B0DA8-FF22-49A0-B3B9-87A39E2ED9B2}.Release|x64.Build.0 = Release|x64
		{3A7B0DA8-FF22-49A0-B3B9-87A39E2ED9B2}.Release|x86.ActiveCfg = Release|Win32
		{3A7B0DA8-FF22-49A0-B3B9-87A39E2ED9B2}.Release|x86.Build.0 = Release|Win32
		{255A3C07-9C29-41B0-9B49-6DF13B22403F}.Debug|x64.ActiveCfg = Debug|x64
		{255A3C07-9C29-41B0-9B49-6DF13B22403F}.Debug|x64.Build.0 = Debug|x64
		{255A3C07-9C29-41B0-9B49-6DF13B22403F}.Debug|x86.ActiveCfg = Debug|Win32
		{255A3C07-9C29-41B0-9B49-6DF13B22403F}.Debug|x86.Build.0 = Debug|Win32
		{255A3C07-9C29-41B0-9B49-6DF13B22403F}.Release|x64.ActiveCfg = Release|x64
		{255A3C07-9C29-41B0-9B49-6DF13B22403F}.Release|x64.Build.0 = Release|x64
		{255A3C07-9C29-41B0-9B49-6DF13B22403F}.Release|x86.ActiveCfg = Release|Win32
		{255A3C07-9C29-41B0-9B49-6DF13B22403F}.Release|x86.Build.0 = Release|Win32
	EndGlobalSection
	GlobalSection(SolutionProperties) = preSolution
		HideSolutionNode = FALSE
	EndGlobalSection
	GlobalSection(NestedProjects) = preSolution
		{064FD43A-BB5F-401C-BBBA-40272E367571} = {8E44B5C3-9FDD-4850-8214-06B04869F99D}
		{A27B56DD-A5E3-4757-B055-5EA21D3BD3AF} = {8E44B5C3-9FDD-4850-8214-06B04869F99D}
		{8BA2BE7F-16F9-46E4-9911-D2C775C65182} = {8E44B5C3-9FDD-4850-8214-06B04869F99D}
		{EF5B0025-08A9-49BF-B024-FA8C53BB32F6} = {4B857465-ED68-401C-8CFE-DFB5E27E4718}
		{3A7B0DA8-FF22-49A0-B3B9-87A39E2ED9B2} = {D97460A0-E93C-4919-9BA0-AC2E84AACA1B}
		{255A3C07-9C29-41B0-9B49-6DF13B22403F} = {8E44B5C3-9FDD-4850-8214-06B04869F99D}
	EndGlobalSection
EndGlobal
